
Microsoft Visual Studio Solution File, Format Version 12.00
# Visual Studio Version 16
VisualStudioVersion = 16.0.30907.101
MinimumVisualStudioVersion = 10.0.40219.1
Project("{FAE04EC0-301F-11D3-BF4B-00C04F79EFBC}") = "Sample_gRPC_WpfApp", "Sample_gRPC_WpfApp\Sample_gRPC_WpfApp.csproj", "{C1827081-ED5A-4CA0-ABEE-FE166A3F49C7}"
EndProject
Project("{FAE04EC0-301F-11D3-BF4B-00C04F79EFBC}") = "Sample_gRPC_ClassLibrary", "Sample_gRPC_ClassLibrary\Sample_gRPC_ClassLibrary.csproj", "{ABF9CDA8-1390-467A-9E9D-51770BDD0111}"
EndProject
Global
	GlobalSection(SolutionConfigurationPlatforms) = preSolution
		Debug|Any CPU = Debug|Any CPU
		Release|Any CPU = Release|Any CPU
	EndGlobalSection
	GlobalSection(ProjectConfigurationPlatforms) = postSolution
		{C1827081-ED5A-4CA0-ABEE-FE166A3F49C7}.Debug|Any CPU.ActiveCfg = Debug|Any CPU
		{C1827081-ED5A-4CA0-ABEE-FE166A3F49C7}.Debug|Any CPU.Build.0 = Debug|Any CPU
		{C1827081-ED5A-4CA0-ABEE-FE166A3F49C7}.Release|Any CPU.ActiveCfg = Release|Any CPU
		{C1827081-ED5A-4CA0-ABEE-FE166A3F49C7}.Release|Any CPU.Build.0 = Release|Any CPU
		{ABF9CDA8-1390-467A-9E9D-51770BDD0111}.Debug|Any CPU.ActiveCfg = Debug|Any CPU
		{ABF9CDA8-1390-467A-9E9D-51770BDD0111}.Debug|Any CPU.Build.0 = Debug|Any CPU
		{ABF9CDA8-1390-467A-9E9D-51770BDD0111}.Release|Any CPU.ActiveCfg = Release|Any CPU
		{ABF9CDA8-1390-467A-9E9D-51770BDD0111}.Release|Any CPU.Build.0 = Release|Any CPU
	EndGlobalSection
	GlobalSection(SolutionProperties) = preSolution
		HideSolutionNode = FALSE
	EndGlobalSection
	GlobalSection(ExtensibilityGlobals) = postSolution
		SolutionGuid = {F8F5FC43-CF34-4E74-A8B4-40A9CD29A616}
	EndGlobalSection
EndGlobal
